
Microsoft Visual Studio Solution File, Format Version 12.00
# Visual Studio Version 16
VisualStudioVersion = 16.0.33529.622
MinimumVisualStudioVersion = 10.0.40219.1
Project("{FAE04EC0-301F-11D3-BF4B-00C04F79EFBC}") = "EcommerceWebsite", "WebApplicationShoppingCartFlowerShop\EcommerceWebsite.csproj", "{677D59D6-115D-4D71-893E-5DE9DA677522}"
EndProject
Global
	GlobalSection(SolutionConfigurationPlatforms) = preSolution
		Debug|Any CPU = Debug|Any CPU
		Release|Any CPU = Release|Any CPU
	EndGlobalSection
	GlobalSection(ProjectConfigurationPlatforms) = postSolution
		{677D59D6-115D-4D71-893E-5DE9DA677522}.Debug|Any CPU.ActiveCfg = Debug|Any CPU
		{677D59D6-115D-4D71-893E-5DE9DA677522}.Debug|Any CPU.Build.0 = Debug|Any CPU
		{677D59D6-115D-4D71-893E-5DE9DA677522}.Release|Any CPU.ActiveCfg = Release|Any CPU
		{677D59D6-115D-4D71-893E-5DE9DA677522}.Release|Any CPU.Build.0 = Release|Any CPU
	EndGlobalSection
	GlobalSection(SolutionProperties) = preSolution
		HideSolutionNode = FALSE
	EndGlobalSection
	GlobalSection(ExtensibilityGlobals) = postSolution
		SolutionGuid = {301FA478-9A77-4747-9B96-9678B1CFAFCB}
	EndGlobalSection
EndGlobal
